hash: dae29681f5200616252a2d1a39cea5563649576f576d85bace836733540ddc36
updated: 2018-01-22T14:00:22.918512294+07:00
imports:
- name: github.com/labstack/echo
  version: b338075a0fc6e1a0683dbf03d09b4957a289e26f
- name: github.com/tylerb/graceful
  version: d72b0151351a13d0421b763b88f791469c4f5dc7
- name: gopkg.in/echo.v3
  version: 8d504c1b699c757b267255c53b3e5219f9974abc
testImports: []
